
Microsoft Visual Studio Solution File, Format Version 12.00
# Visual Studio Version 16
VisualStudioVersion = 16.0.30011.22
MinimumVisualStudioVersion = 10.0.40219.1
Project("{FAE04EC0-301F-11D3-BF4B-00C04F79EFBC}") = "CBA.Web", "CBA.Web\CBA.Web.csproj", "{FFB96B97-1DF4-4BB5-9ACE-ACC1E21C31FD}"
EndProject
Global
	GlobalSection(SolutionConfigurationPlatforms) = preSolution
		Debug|Any CPU = Debug|Any CPU
		Release|Any CPU = Release|Any CPU
	EndGlobalSection
	GlobalSection(ProjectConfigurationPlatforms) = postSolution
		{FFB96B97-1DF4-4BB5-9ACE-ACC1E21C31FD}.Debug|Any CPU.ActiveCfg = Debug|Any CPU
		{FFB96B97-1DF4-4BB5-9ACE-ACC1E21C31FD}.Debug|Any CPU.Build.0 = Debug|Any CPU
		{FFB96B97-1DF4-4BB5-9ACE-ACC1E21C31FD}.Release|Any CPU.ActiveCfg = Release|Any CPU
		{FFB96B97-1DF4-4BB5-9ACE-ACC1E21C31FD}.Release|Any CPU.Build.0 = Release|Any CPU
	EndGlobalSection
	GlobalSection(SolutionProperties) = preSolution
		HideSolutionNode = FALSE
	EndGlobalSection
	GlobalSection(ExtensibilityGlobals) = postSolution
		SolutionGuid = {6456A7AB-543C-43EE-A9F2-D2128C55C882}
	EndGlobalSection
EndGlobal
